
Microsoft Visual Studio Solution File, Format Version 12.00
Project("{FAE04EC0-301F-11D3-BF4B-00C04F79EFBC}") = "ReverseLinkedList", "ReverseLinkedList\ReverseLinkedList.csproj", "{F93F8860-6793-423C-B999-E7BBD79555F0}"
EndProject
Project("{FAE04EC0-301F-11D3-BF4B-00C04F79EFBC}") = "ValidParenthesis", "ValidParenthesis\ValidParenthesis.csproj", "{61914384-17AE-4B43-901C-7CF10042E116}"
EndProject
Global
	GlobalSection(SolutionConfigurationPlatforms) = preSolution
		Debug|Any CPU = Debug|Any CPU
		Release|Any CPU = Release|Any CPU
	EndGlobalSection
	GlobalSection(ProjectConfigurationPlatforms) = postSolution
		{F93F8860-6793-423C-B999-E7BBD79555F0}.Debug|Any CPU.ActiveCfg = Debug|Any CPU
		{F93F8860-6793-423C-B999-E7BBD79555F0}.Debug|Any CPU.Build.0 = Debug|Any CPU
		{F93F8860-6793-423C-B999-E7BBD79555F0}.Release|Any CPU.ActiveCfg = Release|Any CPU
		{F93F8860-6793-423C-B999-E7BBD79555F0}.Release|Any CPU.Build.0 = Release|Any CPU
		{61914384-17AE-4B43-901C-7CF10042E116}.Debug|Any CPU.ActiveCfg = Debug|Any CPU
		{61914384-17AE-4B43-901C-7CF10042E116}.Debug|Any CPU.Build.0 = Debug|Any CPU
		{61914384-17AE-4B43-901C-7CF10042E116}.Release|Any CPU.ActiveCfg = Release|Any CPU
		{61914384-17AE-4B43-901C-7CF10042E116}.Release|Any CPU.Build.0 = Release|Any CPU
	EndGlobalSection
EndGlobal
